
Microsoft Visual Studio Solution File, Format Version 12.00
# Visual Studio Version 17
VisualStudioVersion = 17.2.32602.215
MinimumVisualStudioVersion = 10.0.40219.1
Project("{FAE04EC0-301F-11D3-BF4B-00C04F79EFBC}") = "MvcDashboard_UnderlyingData", "MvcDashboard_UnderlyingData\MvcDashboard_UnderlyingData.csproj", "{EFFD18D1-F7FE-4DDA-BCCE-AE6F46353559}"
EndProject
Global
	GlobalSection(SolutionConfigurationPlatforms) = preSolution
		Debug|Any CPU = Debug|Any CPU
		Release|Any CPU = Release|Any CPU
	EndGlobalSection
	GlobalSection(ProjectConfigurationPlatforms) = postSolution
		{EFFD18D1-F7FE-4DDA-BCCE-AE6F46353559}.Debug|Any CPU.ActiveCfg = Debug|Any CPU
		{EFFD18D1-F7FE-4DDA-BCCE-AE6F46353559}.Debug|Any CPU.Build.0 = Debug|Any CPU
		{EFFD18D1-F7FE-4DDA-BCCE-AE6F46353559}.Release|Any CPU.ActiveCfg = Release|Any CPU
		{EFFD18D1-F7FE-4DDA-BCCE-AE6F46353559}.Release|Any CPU.Build.0 = Release|Any CPU
	EndGlobalSection
	GlobalSection(SolutionProperties) = preSolution
		HideSolutionNode = FALSE
	EndGlobalSection
	GlobalSection(ExtensibilityGlobals) = postSolution
		SolutionGuid = {9FA57817-B4B1-47C6-A19F-8E8A02BA0557}
	EndGlobalSection
EndGlobal
